
Microsoft Visual Studio Solution File, Format Version 12.00
# Visual Studio 15
VisualStudioVersion = 15.0.26730.16
MinimumVisualStudioVersion = 10.0.40219.1
Project("{FAE04EC0-301F-11D3-BF4B-00C04F79EFBC}") = "DiscordPresenceSetter", "DiscordPresenceSetter\DiscordPresenceSetter.csproj", "{8AF564A3-916D-4C8B-818F-1B5A6AD3D9EB}"
EndProject
Global
	GlobalSection(SolutionConfigurationPlatforms) = preSolution
		Debug|Any CPU = Debug|Any CPU
		Debug|x64 = Debug|x64
		Release|Any CPU = Release|Any CPU
		Release|x64 = Release|x64
	EndGlobalSection
	GlobalSection(ProjectConfigurationPlatforms) = postSolution
		{8AF564A3-916D-4C8B-818F-1B5A6AD3D9EB}.Debug|Any CPU.ActiveCfg = Debug|Any CPU
		{8AF564A3-916D-4C8B-818F-1B5A6AD3D9EB}.Debug|Any CPU.Build.0 = Debug|Any CPU
		{8AF564A3-916D-4C8B-818F-1B5A6AD3D9EB}.Debug|x64.ActiveCfg = Debug|x64
		{8AF564A3-916D-4C8B-818F-1B5A6AD3D9EB}.Debug|x64.Build.0 = Debug|x64
		{8AF564A3-916D-4C8B-818F-1B5A6AD3D9EB}.Release|Any CPU.ActiveCfg = Release|Any CPU
		{8AF564A3-916D-4C8B-818F-1B5A6AD3D9EB}.Release|Any CPU.Build.0 = Release|Any CPU
		{8AF564A3-916D-4C8B-818F-1B5A6AD3D9EB}.Release|x64.ActiveCfg = Release|x64
		{8AF564A3-916D-4C8B-818F-1B5A6AD3D9EB}.Release|x64.Build.0 = Release|x64
	EndGlobalSection
	GlobalSection(SolutionProperties) = preSolution
		HideSolutionNode = FALSE
	EndGlobalSection
	GlobalSection(ExtensibilityGlobals) = postSolution
		SolutionGuid = {8786B43E-2072-41DE-847D-9AF945AE53CD}
	EndGlobalSection
EndGlobal
